Microsoft Visual Studio Solution File, Format Version 12.00
# Visual Studio Version 17
VisualStudioVersion = 17.5.2.0
MinimumVisualStudioVersion = 10.0.40219.1
Project("{FAE04EC0-301F-11D3-BF4B-00C04F79EFBC}") = "Example", "Example\Example.csproj", "{A0FC842C-5103-E242-CA0E-06B13ABAA9ED}"
EndProject
Project("{FAE04EC0-301F-11D3-BF4B-00C04F79EFBC}") = "mylibr", "mylibr\mylibr.csproj", "{504F6C9E-7F18-0850-CF7C-35FF46313F3F}"
EndProject
Global
	GlobalSection(SolutionConfigurationPlatforms) = preSolution
		Debug|Any CPU = Debug|Any CPU
		Release|Any CPU = Release|Any CPU
	EndGlobalSection
	GlobalSection(ProjectConfigurationPlatforms) = postSolution
		{A0FC842C-5103-E242-CA0E-06B13ABAA9ED}.Debug|Any CPU.ActiveCfg = Debug|Any CPU
		{A0FC842C-5103-E242-CA0E-06B13ABAA9ED}.Debug|Any CPU.Build.0 = Debug|Any CPU
		{A0FC842C-5103-E242-CA0E-06B13ABAA9ED}.Release|Any CPU.ActiveCfg = Release|Any CPU
		{A0FC842C-5103-E242-CA0E-06B13ABAA9ED}.Release|Any CPU.Build.0 = Release|Any CPU
		{504F6C9E-7F18-0850-CF7C-35FF46313F3F}.Debug|Any CPU.ActiveCfg = Debug|Any CPU
		{504F6C9E-7F18-0850-CF7C-35FF46313F3F}.Debug|Any CPU.Build.0 = Debug|Any CPU
		{504F6C9E-7F18-0850-CF7C-35FF46313F3F}.Release|Any CPU.ActiveCfg = Release|Any CPU
		{504F6C9E-7F18-0850-CF7C-35FF46313F3F}.Release|Any CPU.Build.0 = Release|Any CPU
	EndGlobalSection
	GlobalSection(SolutionProperties) = preSolution
		HideSolutionNode = FALSE
	EndGlobalSection
	GlobalSection(ExtensibilityGlobals) = postSolution
		SolutionGuid = {090D73B1-2A59-444A-BD55-27C833232709}
	EndGlobalSection
EndGlobal
